
Microsoft Visual Studio Solution File, Format Version 12.00
# Visual Studio 15
VisualStudioVersion = 15.0.27703.2000
MinimumVisualStudioVersion = 10.0.40219.1
Project("{FAE04EC0-301F-11D3-BF4B-00C04F79EFBC}") = "Motorbike", "Motorbike\Motorbike.csproj", "{F1520BA2-540D-4816-93A5-56CB3432F2DF}"
EndProject
Project("{FAE04EC0-301F-11D3-BF4B-00C04F79EFBC}") = "BusinessLogicLayer", "BusinessLogicLayer\BusinessLogicLayer.csproj", "{C34256A6-8FD4-46CA-A90C-AF8A6F9F37CD}"
EndProject
Project("{FAE04EC0-301F-11D3-BF4B-00C04F79EFBC}") = "DataAccessLayer", "DataAccessLayer\DataAccessLayer.csproj", "{C6BA2B7C-F7AA-472B-9BCC-01C9198CCB69}"
EndProject
Project("{FAE04EC0-301F-11D3-BF4B-00C04F79EFBC}") = "DataTransferObject", "DataTransferObject\DataTransferObject.csproj", "{8566F4A9-E5C9-417C-A3D3-DC790FA5D42F}"
EndProject
Global
	GlobalSection(SolutionConfigurationPlatforms) = preSolution
		Debug|Any CPU = Debug|Any CPU
		Release|Any CPU = Release|Any CPU
	EndGlobalSection
	GlobalSection(ProjectConfigurationPlatforms) = postSolution
		{F1520BA2-540D-4816-93A5-56CB3432F2DF}.Debug|Any CPU.ActiveCfg = Debug|Any CPU
		{F1520BA2-540D-4816-93A5-56CB3432F2DF}.Debug|Any CPU.Build.0 = Debug|Any CPU
		{F1520BA2-540D-4816-93A5-56CB3432F2DF}.Release|Any CPU.ActiveCfg = Release|Any CPU
		{F1520BA2-540D-4816-93A5-56CB3432F2DF}.Release|Any CPU.Build.0 = Release|Any CPU
		{C34256A6-8FD4-46CA-A90C-AF8A6F9F37CD}.Debug|Any CPU.ActiveCfg = Debug|Any CPU
		{C34256A6-8FD4-46CA-A90C-AF8A6F9F37CD}.Debug|Any CPU.Build.0 = Debug|Any CPU
		{C34256A6-8FD4-46CA-A90C-AF8A6F9F37CD}.Release|Any CPU.ActiveCfg = Release|Any CPU
		{C34256A6-8FD4-46CA-A90C-AF8A6F9F37CD}.Release|Any CPU.Build.0 = Release|Any CPU
		{C6BA2B7C-F7AA-472B-9BCC-01C9198CCB69}.Debug|Any CPU.ActiveCfg = Debug|Any CPU
		{C6BA2B7C-F7AA-472B-9BCC-01C9198CCB69}.Debug|Any CPU.Build.0 = Debug|Any CPU
		{C6BA2B7C-F7AA-472B-9BCC-01C9198CCB69}.Release|Any CPU.ActiveCfg = Release|Any CPU
		{C6BA2B7C-F7AA-472B-9BCC-01C9198CCB69}.Release|Any CPU.Build.0 = Release|Any CPU
		{8566F4A9-E5C9-417C-A3D3-DC790FA5D42F}.Debug|Any CPU.ActiveCfg = Debug|Any CPU
		{8566F4A9-E5C9-417C-A3D3-DC790FA5D42F}.Debug|Any CPU.Build.0 = Debug|Any CPU
		{8566F4A9-E5C9-417C-A3D3-DC790FA5D42F}.Release|Any CPU.ActiveCfg = Release|Any CPU
		{8566F4A9-E5C9-417C-A3D3-DC790FA5D42F}.Release|Any CPU.Build.0 = Release|Any CPU
	EndGlobalSection
	GlobalSection(SolutionProperties) = preSolution
		HideSolutionNode = FALSE
	EndGlobalSection
	GlobalSection(ExtensibilityGlobals) = postSolution
		SolutionGuid = {BF9AF60A-F1EC-4B65-8899-C2BBA51195DA}
	EndGlobalSection
EndGlobal
